
Microsoft Visual Studio Solution File, Format Version 12.00
# Visual Studio Version 17
VisualStudioVersion = 17.9.34902.65
MinimumVisualStudioVersion = 10.0.40219.1
Project("{8BC9CEB8-8B4A-11D0-8D11-00A0C91BC942}") = "hw52", "hw52.vcxproj", "{CFD86E56-55FD-4526-9CC5-CAE5B5BECFA4}"
EndProject
Global
	GlobalSection(SolutionConfigurationPlatforms) = preSolution
		Debug|x64 = Debug|x64
		Debug|x86 = Debug|x86
		Release|x64 = Release|x64
		Release|x86 = Release|x86
	EndGlobalSection
	GlobalSection(ProjectConfigurationPlatforms) = postSolution
		{CFD86E56-55FD-4526-9CC5-CAE5B5BECFA4}.Debug|x64.ActiveCfg = Debug|x64
		{CFD86E56-55FD-4526-9CC5-CAE5B5BECFA4}.Debug|x64.Build.0 = Debug|x64
		{CFD86E56-55FD-4526-9CC5-CAE5B5BECFA4}.Debug|x86.ActiveCfg = Debug|Win32
		{CFD86E56-55FD-4526-9CC5-CAE5B5BECFA4}.Debug|x86.Build.0 = Debug|Win32
		{CFD86E56-55FD-4526-9CC5-CAE5B5BECFA4}.Release|x64.ActiveCfg = Release|x64
		{CFD86E56-55FD-4526-9CC5-CAE5B5BECFA4}.Release|x64.Build.0 = Release|x64
		{CFD86E56-55FD-4526-9CC5-CAE5B5BECFA4}.Release|x86.ActiveCfg = Release|Win32
		{CFD86E56-55FD-4526-9CC5-CAE5B5BECFA4}.Release|x86.Build.0 = Release|Win32
	EndGlobalSection
	GlobalSection(SolutionProperties) = preSolution
		HideSolutionNode = FALSE
	EndGlobalSection
	GlobalSection(ExtensibilityGlobals) = postSolution
		SolutionGuid = {76818C22-111A-448F-A6B3-2D425BADA440}
	EndGlobalSection
EndGlobal
